github.com/koykov/byteconv v1.0.1 h1:5Yb6++P+HnipDW/V9rHXR7CyS0ZFncspT4isvt65fFA=
github.com/koykov/byteconv v1.0.1/go.mod h1:viZknv/akQJrXOQS3bZu2U7TE+gjA03LFQpSsRExZR4=
github.com/koykov/byteseq v1.0.1 h1:PbsGtxkUnvrqlwnjNxnRq5FDIvLXJg5CcN9yRuSQY7A=
github.com/koykov/byteseq v1.0.1/go.mod h1:JlIJ6P3/ocuGNRbTVyP0NVRS/ExofhOS8g7mtefjefw=
github.com/koykov/entry v1.0.2 h1:6mZJUt4POGQHRPJ9Iw4GyIZJi9wj2lews3yRRNHfTY4=
github.com/koykov/entry v1.0.2/go.mod h1:WmCy/YM0sPb4ETL9wYY0OJwO89KJ7qeQPGOwLUG4rZU=
