github.com/koykov/byteconv v1.0.0 h1:C8NThxj3Vcmv7f1h384Ti7F9zjVDnOy9AZj9KxTaYqM=
github.com/koykov/byteconv v1.0.0/go.mod h1:viZknv/akQJrXOQS3bZu2U7TE+gjA03LFQpSsRExZR4=
github.com/koykov/byteseq v1.0.0 h1:4OUhAUkAC1+7LH5t+ShNI9e05NCAuGh87csVtEkG62I=
github.com/koykov/byteseq v1.0.0/go.mod h1:JlIJ6P3/ocuGNRbTVyP0NVRS/ExofhOS8g7mtefjefw=
github.com/koykov/entry v1.0.1 h1:XurTLzqcbluBKMJqBB23HoKrkd1tdp5nH8RrbSE9Jl0=
github.com/koykov/entry v1.0.1/go.mod h1:WmCy/YM0sPb4ETL9wYY0OJwO89KJ7qeQPGOwLUG4rZU=
